// !$*UTF8*$!
{
	archiveVersion = 1;
	classes = {
	};
	objectVersion = 46;
	objects = {

/* Begin PBXBuildFile section */
		F256051F1C1C48F3006680FE /* ZYZRecommendViewController.m in Sources */ = {isa = PBXBuildFile; fileRef = F256051E1C1C48F3006680FE /* ZYZRecommendViewController.m */; };
		F25605221C1C490F006680FE /* ZYZKindViewController.m in Sources */ = {isa = PBXBuildFile; fileRef = F25605211C1C490F006680FE /* ZYZKindViewController.m */; };
		F25605251C1C4960006680FE /* ZYZTopViewController.m in Sources */ = {isa = PBXBuildFile; fileRef = F25605241C1C4960006680FE /* ZYZTopViewController.m */; };
		F25605281C1C496A006680FE /* ZYZMyViewController.m in Sources */ = {isa = PBXBuildFile; fileRef = F25605271C1C496A006680FE /* ZYZMyViewController.m */; };
		F256052C1C1C49AA006680FE /* ZYZMyTabBarController.m in Sources */ = {isa = PBXBuildFile; fileRef = F256052B1C1C49AA006680FE /* ZYZMyTabBarController.m */; };
		F256063B1C1C503E006680FE /* ZYZRecommendCell.xib in Resources */ = {isa = PBXBuildFile; fileRef = F256063A1C1C503E006680FE /* ZYZRecommendCell.xib */; };
		F256063E1C1C5050006680FE /* ZYZRecommendCell.m in Sources */ = {isa = PBXBuildFile; fileRef = F256063D1C1C5050006680FE /* ZYZRecommendCell.m */; };
		F25606411C1C5159006680FE /* ZYZRecommendModel.m in Sources */ = {isa = PBXBuildFile; fileRef = F25606401C1C5159006680FE /* ZYZRecommendModel.m */; };
		F25606651C1C520F006680FE /* MKAnnotationView+WebCache.m in Sources */ = {isa = PBXBuildFile; fileRef = F25606451C1C520F006680FE /* MKAnnotationView+WebCache.m */; };
		F25606661C1C520F006680FE /* NSData+ImageContentType.m in Sources */ = {isa = PBXBuildFile; fileRef = F25606471C1C520F006680FE /* NSData+ImageContentType.m */; };
		F25606671C1C520F006680FE /* SDImageCache.m in Sources */ = {isa = PBXBuildFile; fileRef = F25606491C1C520F006680FE /* SDImageCache.m */; };
		F25606681C1C520F006680FE /* SDWebImageCompat.m in Sources */ = {isa = PBXBuildFile; fileRef = F256064B1C1C520F006680FE /* SDWebImageCompat.m */; };
		F25606691C1C520F006680FE /* SDWebImageDecoder.m in Sources */ = {isa = PBXBuildFile; fileRef = F256064D1C1C520F006680FE /* SDWebImageDecoder.m */; };
		F256066A1C1C520F006680FE /* SDWebImageDownloader.m in Sources */ = {isa = PBXBuildFile; fileRef = F256064F1C1C520F006680FE /* SDWebImageDownloader.m */; };
		F256066B1C1C520F006680FE /* SDWebImageDownloaderOperation.m in Sources */ = {isa = PBXBuildFile; fileRef = F25606511C1C520F006680FE /* SDWebImageDownloaderOperation.m */; };
		F256066C1C1C520F006680FE /* SDWebImageManager.m in Sources */ = {isa = PBXBuildFile; fileRef = F25606531C1C520F006680FE /* SDWebImageManager.m */; };
		F256066D1C1C520F006680FE /* SDWebImagePrefetcher.m in Sources */ = {isa = PBXBuildFile; fileRef = F25606561C1C520F006680FE /* SDWebImagePrefetcher.m */; };
		F256066E1C1C520F006680FE /* UIButton+WebCache.m in Sources */ = {isa = PBXBuildFile; fileRef = F25606581C1C520F006680FE /* UIButton+WebCache.m */; };
		F256066F1C1C520F006680FE /* UIImage+GIF.m in Sources */ = {isa = PBXBuildFile; fileRef = F256065A1C1C520F006680FE /* UIImage+GIF.m */; };
		F25606701C1C520F006680FE /* UIImage+MultiFormat.m in Sources */ = {isa = PBXBuildFile; fileRef = F256065C1C1C520F006680FE /* UIImage+MultiFormat.m */; };
		F25606711C1C520F006680FE /* UIImage+WebP.m in Sources */ = {isa = PBXBuildFile; fileRef = F256065E1C1C520F006680FE /* UIImage+WebP.m */; };
		F25606721C1C520F006680FE /* UIImageView+HighlightedWebCache.m in Sources */ = {isa = PBXBuildFile; fileRef = F25606601C1C520F006680FE /* UIImageView+HighlightedWebCache.m */; };
		F25606731C1C520F006680FE /* UIImageView+WebCache.m in Sources */ = {isa = PBXBuildFile; fileRef = F25606621C1C520F006680FE /* UIImageView+WebCache.m */; };
		F25606741C1C520F006680FE /* UIView+WebCacheOperation.m in Sources */ = {isa = PBXBuildFile; fileRef = F25606641C1C520F006680FE /* UIView+WebCacheOperation.m */; };
		F256067D1C1C5250006680FE /* MyMD5.m in Sources */ = {isa = PBXBuildFile; fileRef = F25606781C1C5250006680FE /* MyMD5.m */; };
		F256067E1C1C5250006680FE /* NSFileManager+ZYZ.m in Sources */ = {isa = PBXBuildFile; fileRef = F256067A1C1C5250006680FE /* NSFileManager+ZYZ.m */; };
		F256067F1C1C5250006680FE /* ZYZHttpRequestBlock.m in Sources */ = {isa = PBXBuildFile; fileRef = F256067C1C1C5250006680FE /* ZYZHttpRequestBlock.m */; };
		F25606911C1C53D0006680FE /* MJRefresh.bundle in Resources */ = {isa = PBXBuildFile; fileRef = F25606811C1C53D0006680FE /* MJRefresh.bundle */; };
		F25606921C1C53D0006680FE /* MJRefreshBaseView.m in Sources */ = {isa = PBXBuildFile; fileRef = F25606841C1C53D0006680FE /* MJRefreshBaseView.m */; };
		F25606931C1C53D0006680FE /* MJRefreshConst.m in Sources */ = {isa = PBXBuildFile; fileRef = F25606861C1C53D0006680FE /* MJRefreshConst.m */; };
		F25606941C1C53D0006680FE /* MJRefreshFooterView.m in Sources */ = {isa = PBXBuildFile; fileRef = F25606881C1C53D0006680FE /* MJRefreshFooterView.m */; };
		F25606951C1C53D0006680FE /* MJRefreshHeaderView.m in Sources */ = {isa = PBXBuildFile; fileRef = F256068A1C1C53D0006680FE /* MJRefreshHeaderView.m */; };
		F25606961C1C53D0006680FE /* UIScrollView+MJExtension.m in Sources */ = {isa = PBXBuildFile; fileRef = F256068C1C1C53D0006680FE /* UIScrollView+MJExtension.m */; };
		F25606971C1C53D0006680FE /* UIScrollView+MJRefresh.m in Sources */ = {isa = PBXBuildFile; fileRef = F256068E1C1C53D0006680FE /* UIScrollView+MJRefresh.m */; };
		F25606981C1C53D0006680FE /* UIView+MJExtension.m in Sources */ = {isa = PBXBuildFile; fileRef = F25606901C1C53D0006680FE /* UIView+MJExtension.m */; };
		F26D602D1C21ADC400F61375 /* ZYZDBManager.m in Sources */ = {isa = PBXBuildFile; fileRef = F26D602C1C21ADC400F61375 /* ZYZDBManager.m */; };
		F26D60391C21ADD200F61375 /* FMDatabase.m in Sources */ = {isa = PBXBuildFile; fileRef = F26D60301C21ADD200F61375 /* FMDatabase.m */; };
		F26D603A1C21ADD200F61375 /* FMDatabaseAdditions.m in Sources */ = {isa = PBXBuildFile; fileRef = F26D60321C21ADD200F61375 /* FMDatabaseAdditions.m */; };
		F26D603B1C21ADD200F61375 /* FMDatabasePool.m in Sources */ = {isa = PBXBuildFile; fileRef = F26D60341C21ADD200F61375 /* FMDatabasePool.m */; };
		F26D603C1C21ADD200F61375 /* FMDatabaseQueue.m in Sources */ = {isa = PBXBuildFile; fileRef = F26D60361C21ADD200F61375 /* FMDatabaseQueue.m */; };
		F26D603D1C21ADD200F61375 /* FMResultSet.m in Sources */ = {isa = PBXBuildFile; fileRef = F26D60381C21ADD200F61375 /* FMResultSet.m */; };
		F26D603F1C21ADDB00F61375 /* libsqlite3.dylib in Frameworks */ = {isa = PBXBuildFile; fileRef = F26D603E1C21ADDB00F61375 /* libsqlite3.dylib */; };
		F26D60421C21AE2100F61375 /* ZYZCollectModel.m in Sources */ = {isa = PBXBuildFile; fileRef = F26D60411C21AE2100F61375 /* ZYZCollectModel.m */; };
		F2893CB11C1BD7F2003BC76C /* main.m in Sources */ = {isa = PBXBuildFile; fileRef = F2893CB01C1BD7F2003BC76C /* main.m */; };
		F2893CB41C1BD7F2003BC76C /* AppDelegate.m in Sources */ = {isa = PBXBuildFile; fileRef = F2893CB31C1BD7F2003BC76C /* AppDelegate.m */; };
		F2893CB61C1BD7F2003BC76C /* Images.xcassets in Resources */ = {isa = PBXBuildFile; fileRef = F2893CB51C1BD7F2003BC76C /* Images.xcassets */; };
		F2893CB91C1BD7F2003BC76C /* LaunchScreen.xib in Resources */ = {isa = PBXBuildFile; fileRef = F2893CB71C1BD7F2003BC76C /* LaunchScreen.xib */; };
		F2893CC51C1BD7F2003BC76C /* ____Tests.m in Sources */ = {isa = PBXBuildFile; fileRef = F2893CC41C1BD7F2003BC76C /* ____Tests.m */; };
		F2F6B3871C22C187006B6297 /* ZYZKindListViewController.m in Sources */ = {isa = PBXBuildFile; fileRef = F2F6B3861C22C187006B6297 /* ZYZKindListViewController.m */; };
		F2F6B38A1C22C30B006B6297 /* ZYZKindListCell.m in Sources */ = {isa = PBXBuildFile; fileRef = F2F6B3891C22C30B006B6297 /* ZYZKindListCell.m */; };
		F2F6B38C1C22C318006B6297 /* ZYZKindListCell.xib in Resources */ = {isa = PBXBuildFile; fileRef = F2F6B38B1C22C318006B6297 /* ZYZKindListCell.xib */; };
		F2F6B38F1C22C36D006B6297 /* ZYZKindModel.m in Sources */ = {isa = PBXBuildFile; fileRef = F2F6B38E1C22C36D006B6297 /* ZYZKindModel.m */; };
		F2F92ADC1C20172A00B1A056 /* ZYZDetailWebViewController.m in Sources */ = {isa = PBXBuildFile; fileRef = F2F92ADB1C20172A00B1A056 /* ZYZDetailWebViewController.m */; };
/* End PBXBuildFile section */

/* Begin PBXContainerItemProxy section */
		F2893CBF1C1BD7F2003BC76C /* PBXContainerItemProxy */ = {
			isa = PBXContainerItemProxy;
			containerPortal = F2893CA31C1BD7F2003BC76C /* Project object */;
			proxyType = 1;
			remoteGlobalIDString = F2893CAA1C1BD7F2003BC76C;
			remoteInfo = "美食菜谱";
		};
/* End PBXContainerItemProxy section */

/* Begin PBXFileReference section */
		F256051D1C1C48F3006680FE /* ZYZRecommendViewController.h */ = {isa = PBXFileReference; fileEncoding = 4; lastKnownFileType = sourcecode.c.h; path = ZYZRecommendViewController.h; sourceTree = "<group>"; };
		F256051E1C1C48F3006680FE /* ZYZRecommendViewController.m */ = {isa = PBXFileReference; fileEncoding = 4; lastKnownFileType = sourcecode.c.objc; path = ZYZRecommendViewController.m; sourceTree = "<group>"; };
		F25605201C1C490F006680FE /* ZYZKindViewController.h */ = {isa = PBXFileReference; fileEncoding = 4; lastKnownFileType = sourcecode.c.h; path = ZYZKindViewController.h; sourceTree = "<group>"; };
		F25605211C1C490F006680FE /* ZYZKindViewController.m */ = {isa = PBXFileReference; fileEncoding = 4; lastKnownFileType = sourcecode.c.objc; path = ZYZKindViewController.m; sourceTree = "<group>"; };
		F25605231C1C4960006680FE /* ZYZTopViewController.h */ = {isa = PBXFileReference; fileEncoding = 4; lastKnownFileType = sourcecode.c.h; path = ZYZTopViewController.h; sourceTree = "<group>"; };
		F25605241C1C4960006680FE /* ZYZTopViewController.m */ = {isa = PBXFileReference; fileEncoding = 4; lastKnownFileType = sourcecode.c.objc; path = ZYZTopViewController.m; sourceTree = "<group>"; };
		F25605261C1C496A006680FE /* ZYZMyViewController.h */ = {isa = PBXFileReference; fileEncoding = 4; lastKnownFileType = sourcecode.c.h; path = ZYZMyViewController.h; sourceTree = "<group>"; };
		F25605271C1C496A006680FE /* ZYZMyViewController.m */ = {isa = PBXFileReference; fileEncoding = 4; lastKnownFileType = sourcecode.c.objc; path = ZYZMyViewController.m; sourceTree = "<group>"; };
		F256052A1C1C49AA006680FE /* ZYZMyTabBarController.h */ = {isa = PBXFileReference; fileEncoding = 4; lastKnownFileType = sourcecode.c.h; path = ZYZMyTabBarController.h; sourceTree = "<group>"; };
		F256052B1C1C49AA006680FE /* ZYZMyTabBarController.m */ = {isa = PBXFileReference; fileEncoding = 4; lastKnownFileType = sourcecode.c.objc; path = ZYZMyTabBarController.m; sourceTree = "<group>"; };
		F256063A1C1C503E006680FE /* ZYZRecommendCell.xib */ = {isa = PBXFileReference; fileEncoding = 4; lastKnownFileType = file.xib; path = ZYZRecommendCell.xib; sourceTree = "<group>"; };
		F256063C1C1C5050006680FE /* ZYZRecommendCell.h */ = {isa = PBXFileReference; fileEncoding = 4; lastKnownFileType = sourcecode.c.h; path = ZYZRecommendCell.h; sourceTree = "<group>"; };
		F256063D1C1C5050006680FE /* ZYZRecommendCell.m */ = {isa = PBXFileReference; fileEncoding = 4; lastKnownFileType = sourcecode.c.objc; path = ZYZRecommendCell.m; sourceTree = "<group>"; };
		F256063F1C1C5159006680FE /* ZYZRecommendModel.h */ = {isa = PBXFileReference; fileEncoding = 4; lastKnownFileType = sourcecode.c.h; path = ZYZRecommendModel.h; sourceTree = "<group>"; };
		F25606401C1C5159006680FE /* ZYZRecommendModel.m */ = {isa = PBXFileReference; fileEncoding = 4; lastKnownFileType = sourcecode.c.objc; path = ZYZRecommendModel.m; sourceTree = "<group>"; };
		F25606441C1C520F006680FE /* MKAnnotationView+WebCache.h */ = {isa = PBXFileReference; fileEncoding = 4; lastKnownFileType = sourcecode.c.h; path = "MKAnnotationView+WebCache.h"; sourceTree = "<group>"; };
		F25606451C1C520F006680FE /* MKAnnotationView+WebCache.m */ = {isa = PBXFileReference; fileEncoding = 4; lastKnownFileType = sourcecode.c.objc; path = "MKAnnotationView+WebCache.m"; sourceTree = "<group>"; };
		F25606461C1C520F006680FE /* NSData+ImageContentType.h */ = {isa = PBXFileReference; fileEncoding = 4; lastKnownFileType = sourcecode.c.h; path = "NSData+ImageContentType.h"; sourceTree = "<group>"; };
		F25606471C1C520F006680FE /* NSData+ImageContentType.m */ = {isa = PBXFileReference; fileEncoding = 4; lastKnownFileType = sourcecode.c.objc; path = "NSData+ImageContentType.m"; sourceTree = "<group>"; };
		F25606481C1C520F006680FE /* SDImageCache.h */ = {isa = PBXFileReference; fileEncoding = 4; lastKnownFileType = sourcecode.c.h; path = SDImageCache.h; sourceTree = "<group>"; };
		F25606491C1C520F006680FE /* SDImageCache.m */ = {isa = PBXFileReference; fileEncoding = 4; lastKnownFileType = sourcecode.c.objc; path = SDImageCache.m; sourceTree = "<group>"; };
		F256064A1C1C520F006680FE /* SDWebImageCompat.h */ = {isa = PBXFileReference; fileEncoding = 4; lastKnownFileType = sourcecode.c.h; path = SDWebImageCompat.h; sourceTree = "<group>"; };
		F256064B1C1C520F006680FE /* SDWebImageCompat.m */ = {isa = PBXFileReference; fileEncoding = 4; lastKnownFileType = sourcecode.c.objc; path = SDWebImageCompat.m; sourceTree = "<group>"; };
		F256064C1C1C520F006680FE /* SDWebImageDecoder.h */ = {isa = PBXFileReference; fileEncoding = 4; lastKnownFileType = sourcecode.c.h; path = SDWebImageDecoder.h; sourceTree = "<group>"; };
		F256064D1C1C520F006680FE /* SDWebImageDecoder.m */ = {isa = PBXFileReference; fileEncoding = 4; lastKnownFileType = sourcecode.c.objc; path = SDWebImageDecoder.m; sourceTree = "<group>"; };
		F256064E1C1C520F006680FE /* SDWebImageDownloader.h */ = {isa = PBXFileReference; fileEncoding = 4; lastKnownFileType = sourcecode.c.h; path = SDWebImageDownloader.h; sourceTree = "<group>"; };
		F256064F1C1C520F006680FE /* SDWebImageDownloader.m */ = {isa = PBXFileReference; fileEncoding = 4; lastKnownFileType = sourcecode.c.objc; path = SDWebImageDownloader.m; sourceTree = "<group>"; };
		F25606501C1C520F006680FE /* SDWebImageDownloaderOperation.h */ = {isa = PBXFileReference; fileEncoding = 4; lastKnownFileType = sourcecode.c.h; path = SDWebImageDownloaderOperation.h; sourceTree = "<group>"; };
		F25606511C1C520F006680FE /* SDWebImageDownloaderOperation.m */ = {isa = PBXFileReference; fileEncoding = 4; lastKnownFileType = sourcecode.c.objc; path = SDWebImageDownloaderOperation.m; sourceTree = "<group>"; };
		F25606521C1C520F006680FE /* SDWebImageManager.h */ = {isa = PBXFileReference; fileEncoding = 4; lastKnownFileType = sourcecode.c.h; path = SDWebImageManager.h; sourceTree = "<group>"; };
		F25606531C1C520F006680FE /* SDWebImageManager.m */ = {isa = PBXFileReference; fileEncoding = 4; lastKnownFileType = sourcecode.c.objc; path = SDWebImageManager.m; sourceTree = "<group>"; };
		F25606541C1C520F006680FE /* SDWebImageOperation.h */ = {isa = PBXFileReference; fileEncoding = 4; lastKnownFileType = sourcecode.c.h; path = SDWebImageOperation.h; sourceTree = "<group>"; };
		F25606551C1C520F006680FE /* SDWebImagePrefetcher.h */ = {isa = PBXFileReference; fileEncoding = 4; lastKnownFileType = sourcecode.c.h; path = SDWebImagePrefetcher.h; sourceTree = "<group>"; };
		F25606561C1C520F006680FE /* SDWebImagePrefetcher.m */ = {isa = PBXFileReference; fileEncoding = 4; lastKnownFileType = sourcecode.c.objc; path = SDWebImagePrefetcher.m; sourceTree = "<group>"; };
		F25606571C1C520F006680FE /* UIButton+WebCache.h */ = {isa = PBXFileReference; fileEncoding = 4; lastKnownFileType = sourcecode.c.h; path = "UIButton+WebCache.h"; sourceTree = "<group>"; };
		F25606581C1C520F006680FE /* UIButton+WebCache.m */ = {isa = PBXFileReference; fileEncoding = 4; lastKnownFileType = sourcecode.c.objc; path = "UIButton+WebCache.m"; sourceTree = "<group>"; };
		F25606591C1C520F006680FE /* UIImage+GIF.h */ = {isa = PBXFileReference; fileEncoding = 4; lastKnownFileType = sourcecode.c.h; path = "UIImage+GIF.h"; sourceTree = "<group>"; };
		F256065A1C1C520F006680FE /* UIImage+GIF.m */ = {isa = PBXFileReference; fileEncoding = 4; lastKnownFileType = sourcecode.c.objc; path = "UIImage+GIF.m"; sourceTree = "<group>"; };
		F256065B1C1C520F006680FE /* UIImage+MultiFormat.h */ = {isa = PBXFileReference; fileEncoding = 4; lastKnownFileType = sourcecode.c.h; path = "UIImage+MultiFormat.h"; sourceTree = "<group>"; };
		F256065C1C1C520F006680FE /* UIImage+MultiFormat.m */ = {isa = PBXFileReference; fileEncoding = 4; lastKnownFileType = sourcecode.c.objc; path = "UIImage+MultiFormat.m"; sourceTree = "<group>"; };
		F256065D1C1C520F006680FE /* UIImage+WebP.h */ = {isa = PBXFileReference; fileEncoding = 4; lastKnownFileType = sourcecode.c.h; path = "UIImage+WebP.h"; sourceTree = "<group>"; };
		F256065E1C1C520F006680FE /* UIImage+WebP.m */ = {isa = PBXFileReference; fileEncoding = 4; lastKnownFileType = sourcecode.c.objc; path = "UIImage+WebP.m"; sourceTree = "<group>"; };
		F256065F1C1C520F006680FE /* UIImageView+HighlightedWebCache.h */ = {isa = PBXFileReference; fileEncoding = 4; lastKnownFileType = sourcecode.c.h; path = "UIImageView+HighlightedWebCache.h"; sourceTree = "<group>"; };
		F25606601C1C520F006680FE /* UIImageView+HighlightedWebCache.m */ = {isa = PBXFileReference; fileEncoding = 4; lastKnownFileType = sourcecode.c.objc; path = "UIImageView+HighlightedWebCache.m"; sourceTree = "<group>"; };
		F25606611C1C520F006680FE /* UIImageView+WebCache.h */ = {isa = PBXFileReference; fileEncoding = 4; lastKnownFileType = sourcecode.c.h; path = "UIImageView+WebCache.h"; sourceTree = "<group>"; };
		F25606621C1C520F006680FE /* UIImageView+WebCache.m */ = {isa = PBXFileReference; fileEncoding = 4; lastKnownFileType = sourcecode.c.objc; path = "UIImageView+WebCache.m"; sourceTree = "<group>"; };
		F25606631C1C520F006680FE /* UIView+WebCacheOperation.h */ = {isa = PBXFileReference; fileEncoding = 4; lastKnownFileType = sourcecode.c.h; path = "UIView+WebCacheOperation.h"; sourceTree = "<group>"; };
		F25606641C1C520F006680FE /* UIView+WebCacheOperation.m */ = {isa = PBXFileReference; fileEncoding = 4; lastKnownFileType = sourcecode.c.objc; path = "UIView+WebCacheOperation.m"; sourceTree = "<group>"; };
		F25606771C1C5250006680FE /* MyMD5.h */ = {isa = PBXFileReference; fileEncoding = 4; lastKnownFileType = sourcecode.c.h; path = MyMD5.h; sourceTree = "<group>"; };
		F25606781C1C5250006680FE /* MyMD5.m */ = {isa = PBXFileReference; fileEncoding = 4; lastKnownFileType = sourcecode.c.objc; path = MyMD5.m; sourceTree = "<group>"; };
		F25606791C1C5250006680FE /* NSFileManager+ZYZ.h */ = {isa = PBXFileReference; fileEncoding = 4; lastKnownFileType = sourcecode.c.h; path = "NSFileManager+ZYZ.h"; sourceTree = "<group>"; };
		F256067A1C1C5250006680FE /* NSFileManager+ZYZ.m */ = {isa = PBXFileReference; fileEncoding = 4; lastKnownFileType = sourcecode.c.objc; path = "NSFileManager+ZYZ.m"; sourceTree = "<group>"; };
		F256067B1C1C5250006680FE /* ZYZHttpRequestBlock.h */ = {isa = PBXFileReference; fileEncoding = 4; lastKnownFileType = sourcecode.c.h; path = ZYZHttpRequestBlock.h; sourceTree = "<group>"; };
		F256067C1C1C5250006680FE /* ZYZHttpRequestBlock.m */ = {isa = PBXFileReference; fileEncoding = 4; lastKnownFileType = sourcecode.c.objc; path = ZYZHttpRequestBlock.m; sourceTree = "<group>"; };
		F25606811C1C53D0006680FE /* MJRefresh.bundle */ = {isa = PBXFileReference; lastKnownFileType = "wrapper.plug-in"; path = MJRefresh.bundle; sourceTree = "<group>"; };
		F25606821C1C53D0006680FE /* MJRefresh.h */ = {isa = PBXFileReference; fileEncoding = 4; lastKnownFileType = sourcecode.c.h; path = MJRefresh.h; sourceTree = "<group>"; };
		F25606831C1C53D0006680FE /* MJRefreshBaseView.h */ = {isa = PBXFileReference; fileEncoding = 4; lastKnownFileType = sourcecode.c.h; path = MJRefreshBaseView.h; sourceTree = "<group>"; };
		F25606841C1C53D0006680FE /* MJRefreshBaseView.m */ = {isa = PBXFileReference; fileEncoding = 4; lastKnownFileType = sourcecode.c.objc; path = MJRefreshBaseView.m; sourceTree = "<group>"; };
		F25606851C1C53D0006680FE /* MJRefreshConst.h */ = {isa = PBXFileReference; fileEncoding = 4; lastKnownFileType = sourcecode.c.h; path = MJRefreshConst.h; sourceTree = "<group>"; };
		F25606861C1C53D0006680FE /* MJRefreshConst.m */ = {isa = PBXFileReference; fileEncoding = 4; lastKnownFileType = sourcecode.c.objc; path = MJRefreshConst.m; sourceTree = "<group>"; };
		F25606871C1C53D0006680FE /* MJRefreshFooterView.h */ = {isa = PBXFileReference; fileEncoding = 4; lastKnownFileType = sourcecode.c.h; path = MJRefreshFooterView.h; sourceTree = "<group>"; };
		F25606881C1C53D0006680FE /* MJRefreshFooterView.m */ = {isa = PBXFileReference; fileEncoding = 4; lastKnownFileType = sourcecode.c.objc; path = MJRefreshFooterView.m; sourceTree = "<group>"; };
		F25606891C1C53D0006680FE /* MJRefreshHeaderView.h */ = {isa = PBXFileReference; fileEncoding = 4; lastKnownFileType = sourcecode.c.h; path = MJRefreshHeaderView.h; sourceTree = "<group>"; };
		F256068A1C1C53D0006680FE /* MJRefreshHeaderView.m */ = {isa = PBXFileReference; fileEncoding = 4; lastKnownFileType = sourcecode.c.objc; path = MJRefreshHeaderView.m; sourceTree = "<group>"; };
		F256068B1C1C53D0006680FE /* UIScrollView+MJExtension.h */ = {isa = PBXFileReference; fileEncoding = 4; lastKnownFileType = sourcecode.c.h; path = "UIScrollView+MJExtension.h"; sourceTree = "<group>"; };
		F256068C1C1C53D0006680FE /* UIScrollView+MJExtension.m */ = {isa = PBXFileReference; fileEncoding = 4; lastKnownFileType = sourcecode.c.objc; path = "UIScrollView+MJExtension.m"; sourceTree = "<group>"; };
		F256068D1C1C53D0006680FE /* UIScrollView+MJRefresh.h */ = {isa = PBXFileReference; fileEncoding = 4; lastKnownFileType = sourcecode.c.h; path = "UIScrollView+MJRefresh.h"; sourceTree = "<group>"; };
		F256068E1C1C53D0006680FE /* UIScrollView+MJRefresh.m */ = {isa = PBXFileReference; fileEncoding = 4; lastKnownFileType = sourcecode.c.objc; path = "UIScrollView+MJRefresh.m"; sourceTree = "<group>"; };
		F256068F1C1C53D0006680FE /* UIView+MJExtension.h */ = {isa = PBXFileReference; fileEncoding = 4; lastKnownFileType = sourcecode.c.h; path = "UIView+MJExtension.h"; sourceTree = "<group>"; };
		F25606901C1C53D0006680FE /* UIView+MJExtension.m */ = {isa = PBXFileReference; fileEncoding = 4; lastKnownFileType = sourcecode.c.objc; path = "UIView+MJExtension.m"; sourceTree = "<group>"; };
		F25606991C1D0030006680FE /* ZYZLog.h */ = {isa = PBXFileReference; lastKnownFileType = sourcecode.c.h; path = ZYZLog.h; sourceTree = "<group>"; };
		F26D602B1C21ADC400F61375 /* ZYZDBManager.h */ = {isa = PBXFileReference; fileEncoding = 4; lastKnownFileType = sourcecode.c.h; path = ZYZDBManager.h; sourceTree = "<group>"; };
		F26D602C1C21ADC400F61375 /* ZYZDBManager.m */ = {isa = PBXFileReference; fileEncoding = 4; lastKnownFileType = sourcecode.c.objc; path = ZYZDBManager.m; sourceTree = "<group>"; };
		F26D602F1C21ADD200F61375 /* FMDatabase.h */ = {isa = PBXFileReference; fileEncoding = 4; lastKnownFileType = sourcecode.c.h; path = FMDatabase.h; sourceTree = "<group>"; };
		F26D60301C21ADD200F61375 /* FMDatabase.m */ = {isa = PBXFileReference; fileEncoding = 4; lastKnownFileType = sourcecode.c.objc; path = FMDatabase.m; sourceTree = "<group>"; };
		F26D60311C21ADD200F61375 /* FMDatabaseAdditions.h */ = {isa = PBXFileReference; fileEncoding = 4; lastKnownFileType = sourcecode.c.h; path = FMDatabaseAdditions.h; sourceTree = "<group>"; };
		F26D60321C21ADD200F61375 /* FMDatabaseAdditions.m */ = {isa = PBXFileReference; fileEncoding = 4; lastKnownFileType = sourcecode.c.objc; path = FMDatabaseAdditions.m; sourceTree = "<group>"; };
		F26D60331C21ADD200F61375 /* FMDatabasePool.h */ = {isa = PBXFileReference; fileEncoding = 4; lastKnownFileType = sourcecode.c.h; path = FMDatabasePool.h; sourceTree = "<group>"; };
		F26D60341C21ADD200F61375 /* FMDatabasePool.m */ = {isa = PBXFileReference; fileEncoding = 4; lastKnownFileType = sourcecode.c.objc; path = FMDatabasePool.m; sourceTree = "<group>"; };
		F26D60351C21ADD200F61375 /* FMDatabaseQueue.h */ = {isa = PBXFileReference; fileEncoding = 4; lastKnownFileType = sourcecode.c.h; path = FMDatabaseQueue.h; sourceTree = "<group>"; };
		F26D60361C21ADD200F61375 /* FMDatabaseQueue.m */ = {isa = PBXFileReference; fileEncoding = 4; lastKnownFileType = sourcecode.c.objc; path = FMDatabaseQueue.m; sourceTree = "<group>"; };
		F26D60371C21ADD200F61375 /* FMResultSet.h */ = {isa = PBXFileReference; fileEncoding = 4; lastKnownFileType = sourcecode.c.h; path = FMResultSet.h; sourceTree = "<group>"; };
		F26D60381C21ADD200F61375 /* FMResultSet.m */ = {isa = PBXFileReference; fileEncoding = 4; lastKnownFileType = sourcecode.c.objc; path = FMResultSet.m; sourceTree = "<group>"; };
		F26D603E1C21ADDB00F61375 /* libsqlite3.dylib */ = {isa = PBXFileReference; lastKnownFileType = "compiled.mach-o.dylib"; name = libsqlite3.dylib; path = usr/lib/libsqlite3.dylib; sourceTree = SDKROOT; };
		F26D60401C21AE2100F61375 /* ZYZCollectModel.h */ = {isa = PBXFileReference; fileEncoding = 4; lastKnownFileType = sourcecode.c.h; path = ZYZCollectModel.h; sourceTree = "<group>"; };
		F26D60411C21AE2100F61375 /* ZYZCollectModel.m */ = {isa = PBXFileReference; fileEncoding = 4; lastKnownFileType = sourcecode.c.objc; path = ZYZCollectModel.m; sourceTree = "<group>"; };
		F2893CAB1C1BD7F2003BC76C /* 美食菜谱.app */ = {isa = PBXFileReference; explicitFileType = wrapper.application; includeInIndex = 0; path = "美食菜谱.app"; sourceTree = BUILT_PRODUCTS_DIR; };
		F2893CAF1C1BD7F2003BC76C /* Info.plist */ = {isa = PBXFileReference; lastKnownFileType = text.plist.xml; path = Info.plist; sourceTree = "<group>"; };
		F2893CB01C1BD7F2003BC76C /* main.m */ = {isa = PBXFileReference; lastKnownFileType = sourcecode.c.objc; path = main.m; sourceTree = "<group>"; };
		F2893CB21C1BD7F2003BC76C /* AppDelegate.h */ = {isa = PBXFileReference; lastKnownFileType = sourcecode.c.h; path = AppDelegate.h; sourceTree = "<group>"; };
		F2893CB31C1BD7F2003BC76C /* AppDelegate.m */ = {isa = PBXFileReference; lastKnownFileType = sourcecode.c.objc; path = AppDelegate.m; sourceTree = "<group>"; };
		F2893CB51C1BD7F2003BC76C /* Images.xcassets */ = {isa = PBXFileReference; lastKnownFileType = folder.assetcatalog; path = Images.xcassets; sourceTree = "<group>"; };
		F2893CB81C1BD7F2003BC76C /* Base */ = {isa = PBXFileReference; lastKnownFileType = file.xib; name = Base; path = Base.lproj/LaunchScreen.xib; sourceTree = "<group>"; };
		F2893CBE1C1BD7F2003BC76C /* 美食菜谱Tests.xctest */ = {isa = PBXFileReference; explicitFileType = wrapper.cfbundle; includeInIndex = 0; path = "美食菜谱Tests.xctest"; sourceTree = BUILT_PRODUCTS_DIR; };
		F2893CC31C1BD7F2003BC76C /* Info.plist */ = {isa = PBXFileReference; lastKnownFileType = text.plist.xml; path = Info.plist; sourceTree = "<group>"; };
		F2893CC41C1BD7F2003BC76C /* ____Tests.m */ = {isa = PBXFileReference; lastKnownFileType = sourcecode.c.objc; path = "____Tests.m"; sourceTree = "<group>"; };
		F2893CD11C1BDE76003BC76C /* ZYZPrefixHeader.pch */ = {isa = PBXFileReference; fileEncoding = 4; lastKnownFileType = sourcecode.c.h; path = ZYZPrefixHeader.pch; sourceTree = "<group>"; };
		F2F6B3851C22C187006B6297 /* ZYZKindListViewController.h */ = {isa = PBXFileReference; fileEncoding = 4; lastKnownFileType = sourcecode.c.h; path = ZYZKindListViewController.h; sourceTree = "<group>"; };
		F2F6B3861C22C187006B6297 /* ZYZKindListViewController.m */ = {isa = PBXFileReference; fileEncoding = 4; lastKnownFileType = sourcecode.c.objc; path = ZYZKindListViewController.m; sourceTree = "<group>"; };
		F2F6B3881C22C30B006B6297 /* ZYZKindListCell.h */ = {isa = PBXFileReference; fileEncoding = 4; lastKnownFileType = sourcecode.c.h; path = ZYZKindListCell.h; sourceTree = "<group>"; };
		F2F6B3891C22C30B006B6297 /* ZYZKindListCell.m */ = {isa = PBXFileReference; fileEncoding = 4; lastKnownFileType = sourcecode.c.objc; path = ZYZKindListCell.m; sourceTree = "<group>"; };
		F2F6B38B1C22C318006B6297 /* ZYZKindListCell.xib */ = {isa = PBXFileReference; fileEncoding = 4; lastKnownFileType = file.xib; path = ZYZKindListCell.xib; sourceTree = "<group>"; };
		F2F6B38D1C22C36D006B6297 /* ZYZKindModel.h */ = {isa = PBXFileReference; fileEncoding = 4; lastKnownFileType = sourcecode.c.h; path = ZYZKindModel.h; sourceTree = "<group>"; };
		F2F6B38E1C22C36D006B6297 /* ZYZKindModel.m */ = {isa = PBXFileReference; fileEncoding = 4; lastKnownFileType = sourcecode.c.objc; path = ZYZKindModel.m; sourceTree = "<group>"; };
		F2F92ADA1C20172A00B1A056 /* ZYZDetailWebViewController.h */ = {isa = PBXFileReference; fileEncoding = 4; lastKnownFileType = sourcecode.c.h; path = ZYZDetailWebViewController.h; sourceTree = "<group>"; };
		F2F92ADB1C20172A00B1A056 /* ZYZDetailWebViewController.m */ = {isa = PBXFileReference; fileEncoding = 4; lastKnownFileType = sourcecode.c.objc; path = ZYZDetailWebViewController.m; sourceTree = "<group>"; };
/* End PBXFileReference section */

/* Begin PBXFrameworksBuildPhase section */
		F2893CA81C1BD7F2003BC76C /* Frameworks */ = {
			isa = PBXFrameworksBuildPhase;
			buildActionMask = 2147483647;
			files = (
				F26D603F1C21ADDB00F61375 /* libsqlite3.dylib in Frameworks */,
			);
			runOnlyForDeploymentPostprocessing = 0;
		};
		F2893CBB1C1BD7F2003BC76C /* Frameworks */ = {
			isa = PBXFrameworksBuildPhase;
			buildActionMask = 2147483647;
			files = (
			);
			runOnlyForDeploymentPostprocessing = 0;
		};
/* End PBXFrameworksBuildPhase section */

/* Begin PBXGroup section */
		F25605171C1C4813006680FE /* 界面 */ = {
			isa = PBXGroup;
			children = (
				F25605291C1C498E006680FE /* 通用 */,
				F256051C1C1C487C006680FE /* 我的4 */,
				F256051B1C1C4869006680FE /* 美食专题3 */,
				F256051A1C1C4859006680FE /* 美食分类2 */,
				F25605181C1C4832006680FE /* 食神推荐1 */,
			);
			name = "界面";
			path = "未命名文件夹";
			sourceTree = "<group>";
		};
		F25605181C1C4832006680FE /* 食神推荐1 */ = {
			isa = PBXGroup;
			children = (
				F256051D1C1C48F3006680FE /* ZYZRecommendViewController.h */,
				F256051E1C1C48F3006680FE /* ZYZRecommendViewController.m */,
				F256063C1C1C5050006680FE /* ZYZRecommendCell.h */,
				F256063D1C1C5050006680FE /* ZYZRecommendCell.m */,
				F256063A1C1C503E006680FE /* ZYZRecommendCell.xib */,
				F256063F1C1C5159006680FE /* ZYZRecommendModel.h */,
				F25606401C1C5159006680FE /* ZYZRecommendModel.m */,
			);
			name = "食神推荐1";
			path = "未命名文件夹";
			sourceTree = "<group>";
		};
		F256051A1C1C4859006680FE /* 美食分类2 */ = {
			isa = PBXGroup;
			children = (
				F25605201C1C490F006680FE /* ZYZKindViewController.h */,
				F25605211C1C490F006680FE /* ZYZKindViewController.m */,
				F2F6B3851C22C187006B6297 /* ZYZKindListViewController.h */,
				F2F6B3861C22C187006B6297 /* ZYZKindListViewController.m */,
				F2F6B38D1C22C36D006B6297 /* ZYZKindModel.h */,
				F2F6B38E1C22C36D006B6297 /* ZYZKindModel.m */,
				F2F6B3881C22C30B006B6297 /* ZYZKindListCell.h */,
				F2F6B3891C22C30B006B6297 /* ZYZKindListCell.m */,
				F2F6B38B1C22C318006B6297 /* ZYZKindListCell.xib */,
			);
			name = "美食分类2";
			path = "美食分类";
			sourceTree = "<group>";
		};
		F256051B1C1C4869006680FE /* 美食专题3 */ = {
			isa = PBXGroup;
			children = (
				F25605231C1C4960006680FE /* ZYZTopViewController.h */,
				F25605241C1C4960006680FE /* ZYZTopViewController.m */,
			);
			path = "美食专题3";
			sourceTree = "<group>";
		};
		F256051C1C1C487C006680FE /* 我的4 */ = {
			isa = PBXGroup;
			children = (
				F25605261C1C496A006680FE /* ZYZMyViewController.h */,
				F25605271C1C496A006680FE /* ZYZMyViewController.m */,
			);
			path = "我的4";
			sourceTree = "<group>";
		};
		F25605291C1C498E006680FE /* 通用 */ = {
			isa = PBXGroup;
			children = (
				F256052A1C1C49AA006680FE /* ZYZMyTabBarController.h */,
				F256052B1C1C49AA006680FE /* ZYZMyTabBarController.m */,
				F2F92ADA1C20172A00B1A056 /* ZYZDetailWebViewController.h */,
				F2F92ADB1C20172A00B1A056 /* ZYZDetailWebViewController.m */,
				F26D60401C21AE2100F61375 /* ZYZCollectModel.h */,
				F26D60411C21AE2100F61375 /* ZYZCollectModel.m */,
			);
			name = "通用";
			path = "../通用";
			sourceTree = "<group>";
		};
		F25606421C1C5200006680FE /* 第三方库 */ = {
			isa = PBXGroup;
			children = (
				F26D602E1C21ADD200F61375 /* FMDB */,
				F25606801C1C53D0006680FE /* MJRefresh */,
				F25606751C1C5247006680FE /* MyTools */,
				F25606431C1C520F006680FE /* SDWebImage */,
			);
			path = "第三方库";
			sourceTree = "<group>";
		};
		F25606431C1C520F006680FE /* SDWebImage */ = {
			isa = PBXGroup;
			children = (
				F25606441C1C520F006680FE /* MKAnnotationView+WebCache.h */,
				F25606451C1C520F006680FE /* MKAnnotationView+WebCache.m */,
				F25606461C1C520F006680FE /* NSData+ImageContentType.h */,
				F25606471C1C520F006680FE /* NSData+ImageContentType.m */,
				F25606481C1C520F006680FE /* SDImageCache.h */,
				F25606491C1C520F006680FE /* SDImageCache.m */,
				F256064A1C1C520F006680FE /* SDWebImageCompat.h */,
				F256064B1C1C520F006680FE /* SDWebImageCompat.m */,
				F256064C1C1C520F006680FE /* SDWebImageDecoder.h */,
				F256064D1C1C520F006680FE /* SDWebImageDecoder.m */,
				F256064E1C1C520F006680FE /* SDWebImageDownloader.h */,
				F256064F1C1C520F006680FE /* SDWebImageDownloader.m */,
				F25606501C1C520F006680FE /* SDWebImageDownloaderOperation.h */,
				F25606511C1C520F006680FE /* SDWebImageDownloaderOperation.m */,
				F25606521C1C520F006680FE /* SDWebImageManager.h */,
				F25606531C1C520F006680FE /* SDWebImageManager.m */,
				F25606541C1C520F006680FE /* SDWebImageOperation.h */,
				F25606551C1C520F006680FE /* SDWebImagePrefetcher.h */,
				F25606561C1C520F006680FE /* SDWebImagePrefetcher.m */,
				F25606571C1C520F006680FE /* UIButton+WebCache.h */,
				F25606581C1C520F006680FE /* UIButton+WebCache.m */,
				F25606591C1C520F006680FE /* UIImage+GIF.h */,
				F256065A1C1C520F006680FE /* UIImage+GIF.m */,
				F256065B1C1C520F006680FE /* UIImage+MultiFormat.h */,
				F256065C1C1C520F006680FE /* UIImage+MultiFormat.m */,
				F256065D1C1C520F006680FE /* UIImage+WebP.h */,
				F256065E1C1C520F006680FE /* UIImage+WebP.m */,
				F256065F1C1C520F006680FE /* UIImageView+HighlightedWebCache.h */,
				F25606601C1C520F006680FE /* UIImageView+HighlightedWebCache.m */,
				F25606611C1C520F006680FE /* UIImageView+WebCache.h */,
				F25606621C1C520F006680FE /* UIImageView+WebCache.m */,
				F25606631C1C520F006680FE /* UIView+WebCacheOperation.h */,
				F25606641C1C520F006680FE /* UIView+WebCacheOperation.m */,
			);
			path = SDWebImage;
			sourceTree = "<group>";
		};
		F25606751C1C5247006680FE /* MyTools */ = {
			isa = PBXGroup;
			children = (
				F25606761C1C5250006680FE /* MD5 */,
				F25606791C1C5250006680FE /* NSFileManager+ZYZ.h */,
				F256067A1C1C5250006680FE /* NSFileManager+ZYZ.m */,
				F256067B1C1C5250006680FE /* ZYZHttpRequestBlock.h */,
				F256067C1C1C5250006680FE /* ZYZHttpRequestBlock.m */,
				F26D602B1C21ADC400F61375 /* ZYZDBManager.h */,
				F26D602C1C21ADC400F61375 /* ZYZDBManager.m */,
			);
			path = MyTools;
			sourceTree = "<group>";
		};
		F25606761C1C5250006680FE /* MD5 */ = {
			isa = PBXGroup;
			children = (
				F25606771C1C5250006680FE /* MyMD5.h */,
				F25606781C1C5250006680FE /* MyMD5.m */,
			);
			path = MD5;
			sourceTree = "<group>";
		};
		F25606801C1C53D0006680FE /* MJRefresh */ = {
			isa = PBXGroup;
			children = (
				F25606811C1C53D0006680FE /* MJRefresh.bundle */,
				F25606821C1C53D0006680FE /* MJRefresh.h */,
				F25606831C1C53D0006680FE /* MJRefreshBaseView.h */,
				F25606841C1C53D0006680FE /* MJRefreshBaseView.m */,
				F25606851C1C53D0006680FE /* MJRefreshConst.h */,
				F25606861C1C53D0006680FE /* MJRefreshConst.m */,
				F25606871C1C53D0006680FE /* MJRefreshFooterView.h */,
				F25606881C1C53D0006680FE /* MJRefreshFooterView.m */,
				F25606891C1C53D0006680FE /* MJRefreshHeaderView.h */,
				F256068A1C1C53D0006680FE /* MJRefreshHeaderView.m */,
				F256068B1C1C53D0006680FE /* UIScrollView+MJExtension.h */,
				F256068C1C1C53D0006680FE /* UIScrollView+MJExtension.m */,
				F256068D1C1C53D0006680FE /* UIScrollView+MJRefresh.h */,
				F256068E1C1C53D0006680FE /* UIScrollView+MJRefresh.m */,
				F256068F1C1C53D0006680FE /* UIView+MJExtension.h */,
				F25606901C1C53D0006680FE /* UIView+MJExtension.m */,
			);
			path = MJRefresh;
			sourceTree = "<group>";
		};
		F26D602E1C21ADD200F61375 /* FMDB */ = {
			isa = PBXGroup;
			children = (
				F26D602F1C21ADD200F61375 /* FMDatabase.h */,
				F26D60301C21ADD200F61375 /* FMDatabase.m */,
				F26D60311C21ADD200F61375 /* FMDatabaseAdditions.h */,
				F26D60321C21ADD200F61375 /* FMDatabaseAdditions.m */,
				F26D60331C21ADD200F61375 /* FMDatabasePool.h */,
				F26D60341C21ADD200F61375 /* FMDatabasePool.m */,
				F26D60351C21ADD200F61375 /* FMDatabaseQueue.h */,
				F26D60361C21ADD200F61375 /* FMDatabaseQueue.m */,
				F26D60371C21ADD200F61375 /* FMResultSet.h */,
				F26D60381C21ADD200F61375 /* FMResultSet.m */,
			);
			path = FMDB;
			sourceTree = "<group>";
		};
		F2893CA21C1BD7F2003BC76C = {
			isa = PBXGroup;
			children = (
				F26D603E1C21ADDB00F61375 /* libsqlite3.dylib */,
				F2893CAD1C1BD7F2003BC76C /* 美食菜谱 */,
				F2893CC11C1BD7F2003BC76C /* 美食菜谱Tests */,
				F2893CAC1C1BD7F2003BC76C /* Products */,
			);
			sourceTree = "<group>";
		};
		F2893CAC1C1BD7F2003BC76C /* Products */ = {
			isa = PBXGroup;
			children = (
				F2893CAB1C1BD7F2003BC76C /* 美食菜谱.app */,
				F2893CBE1C1BD7F2003BC76C /* 美食菜谱Tests.xctest */,
			);
			name = Products;
			sourceTree = "<group>";
		};
		F2893CAD1C1BD7F2003BC76C /* 美食菜谱 */ = {
			isa = PBXGroup;
			children = (
				F25606421C1C5200006680FE /* 第三方库 */,
				F25605171C1C4813006680FE /* 界面 */,
				F2893CB21C1BD7F2003BC76C /* AppDelegate.h */,
				F2893CB31C1BD7F2003BC76C /* AppDelegate.m */,
				F25606991C1D0030006680FE /* ZYZLog.h */,
				F2893CB51C1BD7F2003BC76C /* Images.xcassets */,
				F2893CB71C1BD7F2003BC76C /* LaunchScreen.xib */,
				F2893CAE1C1BD7F2003BC76C /* Supporting Files */,
			);
			path = "美食菜谱";
			sourceTree = "<group>";
		};
		F2893CAE1C1BD7F2003BC76C /* Supporting Files */ = {
			isa = PBXGroup;
			children = (
				F2893CAF1C1BD7F2003BC76C /* Info.plist */,
				F2893CB01C1BD7F2003BC76C /* main.m */,
				F2893CD11C1BDE76003BC76C /* ZYZPrefixHeader.pch */,
			);
			name = "Supporting Files";
			sourceTree = "<group>";
		};
		F2893CC11C1BD7F2003BC76C /* 美食菜谱Tests */ = {
			isa = PBXGroup;
			children = (
				F2893CC41C1BD7F2003BC76C /* ____Tests.m */,
				F2893CC21C1BD7F2003BC76C /* Supporting Files */,
			);
			path = "美食菜谱Tests";
			sourceTree = "<group>";
		};
		F2893CC21C1BD7F2003BC76C /* Supporting Files */ = {
			isa = PBXGroup;
			children = (
				F2893CC31C1BD7F2003BC76C /* Info.plist */,
			);
			name = "Supporting Files";
			sourceTree = "<group>";
		};
/* End PBXGroup section */

/* Begin PBXNativeTarget section */
		F2893CAA1C1BD7F2003BC76C /* 美食菜谱 */ = {
			isa = PBXNativeTarget;
			buildConfigurationList = F2893CC81C1BD7F2003BC76C /* Build configuration list for PBXNativeTarget "美食菜谱" */;
			buildPhases = (
				F2893CA71C1BD7F2003BC76C /* Sources */,
				F2893CA81C1BD7F2003BC76C /* Frameworks */,
				F2893CA91C1BD7F2003BC76C /* Resources */,
			);
			buildRules = (
			);
			dependencies = (
			);
			name = "美食菜谱";
			productName = "美食菜谱";
			productReference = F2893CAB1C1BD7F2003BC76C /* 美食菜谱.app */;
			productType = "com.apple.product-type.application";
		};
		F2893CBD1C1BD7F2003BC76C /* 美食菜谱Tests */ = {
			isa = PBXNativeTarget;
			buildConfigurationList = F2893CCB1C1BD7F2003BC76C /* Build configuration list for PBXNativeTarget "美食菜谱Tests" */;
			buildPhases = (
				F2893CBA1C1BD7F2003BC76C /* Sources */,
				F2893CBB1C1BD7F2003BC76C /* Frameworks */,
				F2893CBC1C1BD7F2003BC76C /* Resources */,
			);
			buildRules = (
			);
			dependencies = (
				F2893CC01C1BD7F2003BC76C /* PBXTargetDependency */,
			);
			name = "美食菜谱Tests";
			productName = "美食菜谱Tests";
			productReference = F2893CBE1C1BD7F2003BC76C /* 美食菜谱Tests.xctest */;
			productType = "com.apple.product-type.bundle.unit-test";
		};
/* End PBXNativeTarget section */

/* Begin PBXProject section */
		F2893CA31C1BD7F2003BC76C /* Project object */ = {
			isa = PBXProject;
			attributes = {
				CLASSPREFIX = ZYZ;
				LastUpgradeCheck = 0630;
				ORGANIZATIONNAME = Jarvan;
				TargetAttributes = {
					F2893CAA1C1BD7F2003BC76C = {
						CreatedOnToolsVersion = 6.3;
					};
					F2893CBD1C1BD7F2003BC76C = {
						CreatedOnToolsVersion = 6.3;
						TestTargetID = F2893CAA1C1BD7F2003BC76C;
					};
				};
			};
			buildConfigurationList = F2893CA61C1BD7F2003BC76C /* Build configuration list for PBXProject "美食菜谱" */;
			compatibilityVersion = "Xcode 3.2";
			developmentRegion = English;
			hasScannedForEncodings = 0;
			knownRegions = (
				en,
				Base,
			);
			mainGroup = F2893CA21C1BD7F2003BC76C;
			productRefGroup = F2893CAC1C1BD7F2003BC76C /* Products */;
			projectDirPath = "";
			projectRoot = "";
			targets = (
				F2893CAA1C1BD7F2003BC76C /* 美食菜谱 */,
				F2893CBD1C1BD7F2003BC76C /* 美食菜谱Tests */,
			);
		};
/* End PBXProject section */

/* Begin PBXResourcesBuildPhase section */
		F2893CA91C1BD7F2003BC76C /* Resources */ = {
			isa = PBXResourcesBuildPhase;
			buildActionMask = 2147483647;
			files = (
				F25606911C1C53D0006680FE /* MJRefresh.bundle in Resources */,
				F2893CB91C1BD7F2003BC76C /* LaunchScreen.xib in Resources */,
				F256063B1C1C503E006680FE /* ZYZRecommendCell.xib in Resources */,
				F2893CB61C1BD7F2003BC76C /* Images.xcassets in Resources */,
				F2F6B38C1C22C318006B6297 /* ZYZKindListCell.xib in Resources */,
			);
			runOnlyForDeploymentPostprocessing = 0;
		};
		F2893CBC1C1BD7F2003BC76C /* Resources */ = {
			isa = PBXResourcesBuildPhase;
			buildActionMask = 2147483647;
			files = (
			);
			runOnlyForDeploymentPostprocessing = 0;
		};
/* End PBXResourcesBuildPhase section */

/* Begin PBXSourcesBuildPhase section */
		F2893CA71C1BD7F2003BC76C /* Sources */ = {
			isa = PBXSourcesBuildPhase;
			buildActionMask = 2147483647;
			files = (
				F25606941C1C53D0006680FE /* MJRefreshFooterView.m in Sources */,
				F26D60391C21ADD200F61375 /* FMDatabase.m in Sources */,
				F25606721C1C520F006680FE /* UIImageView+HighlightedWebCache.m in Sources */,
				F25606691C1C520F006680FE /* SDWebImageDecoder.m in Sources */,
				F2F6B3871C22C187006B6297 /* ZYZKindListViewController.m in Sources */,
				F26D602D1C21ADC400F61375 /* ZYZDBManager.m in Sources */,
				F25606731C1C520F006680FE /* UIImageView+WebCache.m in Sources */,
				F25605281C1C496A006680FE /* ZYZMyViewController.m in Sources */,
				F256066B1C1C520F006680FE /* SDWebImageDownloaderOperation.m in Sources */,
				F26D603A1C21ADD200F61375 /* FMDatabaseAdditions.m in Sources */,
				F256066C1C1C520F006680FE /* SDWebImageManager.m in Sources */,
				F25605221C1C490F006680FE /* ZYZKindViewController.m in Sources */,
				F256052C1C1C49AA006680FE /* ZYZMyTabBarController.m in Sources */,
				F2F6B38F1C22C36D006B6297 /* ZYZKindModel.m in Sources */,
				F256067D1C1C5250006680FE /* MyMD5.m in Sources */,
				F25606971C1C53D0006680FE /* UIScrollView+MJRefresh.m in Sources */,
				F256066A1C1C520F006680FE /* SDWebImageDownloader.m in Sources */,
				F2F92ADC1C20172A00B1A056 /* ZYZDetailWebViewController.m in Sources */,
				F25606651C1C520F006680FE /* MKAnnotationView+WebCache.m in Sources */,
				F25606681C1C520F006680FE /* SDWebImageCompat.m in Sources */,
				F256066D1C1C520F006680FE /* SDWebImagePrefetcher.m in Sources */,
				F25606741C1C520F006680FE /* UIView+WebCacheOperation.m in Sources */,
				F25606931C1C53D0006680FE /* MJRefreshConst.m in Sources */,
				F25606701C1C520F006680FE /* UIImage+MultiFormat.m in Sources */,
				F2893CB41C1BD7F2003BC76C /* AppDelegate.m in Sources */,
				F256063E1C1C5050006680FE /* ZYZRecommendCell.m in Sources */,
				F256066E1C1C520F006680FE /* UIButton+WebCache.m in Sources */,
				F256067E1C1C5250006680FE /* NSFileManager+ZYZ.m in Sources */,
				F256051F1C1C48F3006680FE /* ZYZRecommendViewController.m in Sources */,
				F25606671C1C520F006680FE /* SDImageCache.m in Sources */,
				F256067F1C1C5250006680FE /* ZYZHttpRequestBlock.m in Sources */,
				F26D60421C21AE2100F61375 /* ZYZCollectModel.m in Sources */,
				F25606921C1C53D0006680FE /* MJRefreshBaseView.m in Sources */,
				F2F6B38A1C22C30B006B6297 /* ZYZKindListCell.m in Sources */,
				F26D603D1C21ADD200F61375 /* FMResultSet.m in Sources */,
				F2893CB11C1BD7F2003BC76C /* main.m in Sources */,
				F25606951C1C53D0006680FE /* MJRefreshHeaderView.m in Sources */,
				F25606411C1C5159006680FE /* ZYZRecommendModel.m in Sources */,
				F25605251C1C4960006680FE /* ZYZTopViewController.m in Sources */,
				F256066F1C1C520F006680FE /* UIImage+GIF.m in Sources */,
				F25606981C1C53D0006680FE /* UIView+MJExtension.m in Sources */,
				F25606961C1C53D0006680FE /* UIScrollView+MJExtension.m in Sources */,
				F26D603C1C21ADD200F61375 /* FMDatabaseQueue.m in Sources */,
				F26D603B1C21ADD200F61375 /* FMDatabasePool.m in Sources */,
				F25606661C1C520F006680FE /* NSData+ImageContentType.m in Sources */,
				F25606711C1C520F006680FE /* UIImage+WebP.m in Sources */,
			);
			runOnlyForDeploymentPostprocessing = 0;
		};
		F2893CBA1C1BD7F2003BC76C /* Sources */ = {
			isa = PBXSourcesBuildPhase;
			buildActionMask = 2147483647;
			files = (
				F2893CC51C1BD7F2003BC76C /* ____Tests.m in Sources */,
			);
			runOnlyForDeploymentPostprocessing = 0;
		};
/* End PBXSourcesBuildPhase section */

/* Begin PBXTargetDependency section */
		F2893CC01C1BD7F2003BC76C /* PBXTargetDependency */ = {
			isa = PBXTargetDependency;
			target = F2893CAA1C1BD7F2003BC76C /* 美食菜谱 */;
			targetProxy = F2893CBF1C1BD7F2003BC76C /* PBXContainerItemProxy */;
		};
/* End PBXTargetDependency section */

/* Begin PBXVariantGroup section */
		F2893CB71C1BD7F2003BC76C /* LaunchScreen.xib */ = {
			isa = PBXVariantGroup;
			children = (
				F2893CB81C1BD7F2003BC76C /* Base */,
			);
			name = LaunchScreen.xib;
			sourceTree = "<group>";
		};
/* End PBXVariantGroup section */

/* Begin XCBuildConfiguration section */
		F2893CC61C1BD7F2003BC76C /* Debug */ = {
			isa = XCBuildConfiguration;
			buildSettings = {
				ALWAYS_SEARCH_USER_PATHS = NO;
				CLANG_CXX_LANGUAGE_STANDARD = "gnu++0x";
				CLANG_CXX_LIBRARY = "libc++";
				CLANG_ENABLE_MODULES = YES;
				CLANG_ENABLE_OBJC_ARC = YES;
				CLANG_WARN_BOOL_CONVERSION = YES;
				CLANG_WARN_CONSTANT_CONVERSION = YES;
				CLANG_WARN_DIRECT_OBJC_ISA_USAGE = YES_ERROR;
				CLANG_WARN_EMPTY_BODY = YES;
				CLANG_WARN_ENUM_CONVERSION = YES;
				CLANG_WARN_INT_CONVERSION = YES;
				CLANG_WARN_OBJC_ROOT_CLASS = YES_ERROR;
				CLANG_WARN_UNREACHABLE_CODE = YES;
				CLANG_WARN__DUPLICATE_METHOD_MATCH = YES;
				"CODE_SIGN_IDENTITY[sdk=iphoneos*]" = "iPhone Developer";
				COPY_PHASE_STRIP = NO;
				DEBUG_INFORMATION_FORMAT = "dwarf-with-dsym";
				ENABLE_STRICT_OBJC_MSGSEND = YES;
				GCC_C_LANGUAGE_STANDARD = gnu99;
				GCC_DYNAMIC_NO_PIC = NO;
				GCC_NO_COMMON_BLOCKS = YES;
				GCC_OPTIMIZATION_LEVEL = 0;
				GCC_PREPROCESSOR_DEFINITIONS = (
					"DEBUG=1",
					"$(inherited)",
				);
				GCC_SYMBOLS_PRIVATE_EXTERN = NO;
				GCC_WARN_64_TO_32_BIT_CONVERSION = YES;
				GCC_WARN_ABOUT_RETURN_TYPE = YES_ERROR;
				GCC_WARN_UNDECLARED_SELECTOR = YES;
				GCC_WARN_UNINITIALIZED_AUTOS = YES_AGGRESSIVE;
				GCC_WARN_UNUSED_FUNCTION = YES;
				GCC_WARN_UNUSED_VARIABLE = YES;
				IPHONEOS_DEPLOYMENT_TARGET = 8.3;
				MTL_ENABLE_DEBUG_INFO = YES;
				ONLY_ACTIVE_ARCH = YES;
				SDKROOT = iphoneos;
				TARGETED_DEVICE_FAMILY = "1,2";
			};
			name = Debug;
		};
		F2893CC71C1BD7F2003BC76C /* Release */ = {
			isa = XCBuildConfiguration;
			buildSettings = {
				ALWAYS_SEARCH_USER_PATHS = NO;
				CLANG_CXX_LANGUAGE_STANDARD = "gnu++0x";
				CLANG_CXX_LIBRARY = "libc++";
				CLANG_ENABLE_MODULES = YES;
				CLANG_ENABLE_OBJC_ARC = YES;
				CLANG_WARN_BOOL_CONVERSION = YES;
				CLANG_WARN_CONSTANT_CONVERSION = YES;
				CLANG_WARN_DIRECT_OBJC_ISA_USAGE = YES_ERROR;
				CLANG_WARN_EMPTY_BODY = YES;
				CLANG_WARN_ENUM_CONVERSION = YES;
				CLANG_WARN_INT_CONVERSION = YES;
				CLANG_WARN_OBJC_ROOT_CLASS = YES_ERROR;
				CLANG_WARN_UNREACHABLE_CODE = YES;
				CLANG_WARN__DUPLICATE_METHOD_MATCH = YES;
				"CODE_SIGN_IDENTITY[sdk=iphoneos*]" = "iPhone Developer";
				COPY_PHASE_STRIP = NO;
				DEBUG_INFORMATION_FORMAT = "dwarf-with-dsym";
				ENABLE_NS_ASSERTIONS = NO;
				ENABLE_STRICT_OBJC_MSGSEND = YES;
				GCC_C_LANGUAGE_STANDARD = gnu99;
				GCC_NO_COMMON_BLOCKS = YES;
				GCC_WARN_64_TO_32_BIT_CONVERSION = YES;
				GCC_WARN_ABOUT_RETURN_TYPE = YES_ERROR;
				GCC_WARN_UNDECLARED_SELECTOR = YES;
				GCC_WARN_UNINITIALIZED_AUTOS = YES_AGGRESSIVE;
				GCC_WARN_UNUSED_FUNCTION = YES;
				GCC_WARN_UNUSED_VARIABLE = YES;
				IPHONEOS_DEPLOYMENT_TARGET = 8.3;
				MTL_ENABLE_DEBUG_INFO = NO;
				SDKROOT = iphoneos;
				TARGETED_DEVICE_FAMILY = "1,2";
				VALIDATE_PRODUCT = YES;
			};
			name = Release;
		};
		F2893CC91C1BD7F2003BC76C /* Debug */ = {
			isa = XCBuildConfiguration;
			buildSettings = {
				ASSETCATALOG_COMPILER_APPICON_NAME = AppIcon;
				GCC_PREFIX_HEADER = "./美食菜谱/ZYZPrefixHeader.pch";
				INFOPLIST_FILE = "美食菜谱/Info.plist";
				LD_RUNPATH_SEARCH_PATHS = "$(inherited) @executable_path/Frameworks";
				PRODUCT_NAME = "$(TARGET_NAME)";
			};
			name = Debug;
		};
		F2893CCA1C1BD7F2003BC76C /* Release */ = {
			isa = XCBuildConfiguration;
			buildSettings = {
				ASSETCATALOG_COMPILER_APPICON_NAME = AppIcon;
				GCC_PREFIX_HEADER = "./美食菜谱/ZYZPrefixHeader.pch";
				INFOPLIST_FILE = "美食菜谱/Info.plist";
				LD_RUNPATH_SEARCH_PATHS = "$(inherited) @executable_path/Frameworks";
				PRODUCT_NAME = "$(TARGET_NAME)";
			};
			name = Release;
		};
		F2893CCC1C1BD7F2003BC76C /* Debug */ = {
			isa = XCBuildConfiguration;
			buildSettings = {
				BUNDLE_LOADER = "$(TEST_HOST)";
				FRAMEWORK_SEARCH_PATHS = (
					"$(SDKROOT)/Developer/Library/Frameworks",
					"$(inherited)",
				);
				GCC_PREPROCESSOR_DEFINITIONS = (
					"DEBUG=1",
					"$(inherited)",
				);
				INFOPLIST_FILE = "美食菜谱Tests/Info.plist";
				LD_RUNPATH_SEARCH_PATHS = "$(inherited) @executable_path/Frameworks @loader_path/Frameworks";
				PRODUCT_NAME = "$(TARGET_NAME)";
				TEST_HOST = "$(BUILT_PRODUCTS_DIR)/美食菜谱.app/美食菜谱";
			};
			name = Debug;
		};
		F2893CCD1C1BD7F2003BC76C /* Release */ = {
			isa = XCBuildConfiguration;
			buildSettings = {
				BUNDLE_LOADER = "$(TEST_HOST)";
				FRAMEWORK_SEARCH_PATHS = (
					"$(SDKROOT)/Developer/Library/Frameworks",
					"$(inherited)",
				);
				INFOPLIST_FILE = "美食菜谱Tests/Info.plist";
				LD_RUNPATH_SEARCH_PATHS = "$(inherited) @executable_path/Frameworks @loader_path/Frameworks";
				PRODUCT_NAME = "$(TARGET_NAME)";
				TEST_HOST = "$(BUILT_PRODUCTS_DIR)/美食菜谱.app/美食菜谱";
			};
			name = Release;
		};
/* End XCBuildConfiguration section */

/* Begin XCConfigurationList section */
		F2893CA61C1BD7F2003BC76C /* Build configuration list for PBXProject "美食菜谱" */ = {
			isa = XCConfigurationList;
			buildConfigurations = (
				F2893CC61C1BD7F2003BC76C /* Debug */,
				F2893CC71C1BD7F2003BC76C /* Release */,
			);
			defaultConfigurationIsVisible = 0;
			defaultConfigurationName = Release;
		};
		F2893CC81C1BD7F2003BC76C /* Build configuration list for PBXNativeTarget "美食菜谱" */ = {
			isa = XCConfigurationList;
			buildConfigurations = (
				F2893CC91C1BD7F2003BC76C /* Debug */,
				F2893CCA1C1BD7F2003BC76C /* Release */,
			);
			defaultConfigurationIsVisible = 0;
			defaultConfigurationName = Release;
		};
		F2893CCB1C1BD7F2003BC76C /* Build configuration list for PBXNativeTarget "美食菜谱Tests" */ = {
			isa = XCConfigurationList;
			buildConfigurations = (
				F2893CCC1C1BD7F2003BC76C /* Debug */,
				F2893CCD1C1BD7F2003BC76C /* Release */,
			);
			defaultConfigurationIsVisible = 0;
			defaultConfigurationName = Release;
		};
/* End XCConfigurationList section */
	};
	rootObject = F2893CA31C1BD7F2003BC76C /* Project object */;
}
